// !$*UTF8*$!
{
	archiveVersion = 1;
	classes = {
	};
	objectVersion = 50;
	objects = {

/* Begin PBXBuildFile section */
		50A3DE5422E0835400E58FBE /* FAStoryKit.h in Headers */ = {isa = PBXBuildFile; fileRef = 50A3DE5222E0835400E58FBE /* FAStoryKit.h */; settings = {ATTRIBUTES = (Public, ); }; };
		50A3DE7D22E0837D00E58FBE /* _Double.swift in Sources */ = {isa = PBXBuildFile; fileRef = 50A3DE5C22E0837C00E58FBE /* _Double.swift */; };
		50A3DE7E22E0837D00E58FBE /* _String.swift in Sources */ = {isa = PBXBuildFile; fileRef = 50A3DE5D22E0837C00E58FBE /* _String.swift */; };
		50A3DE7F22E0837D00E58FBE /* _FAStory.swift in Sources */ = {isa = PBXBuildFile; fileRef = 50A3DE5E22E0837C00E58FBE /* _FAStory.swift */; };
		50A3DE8022E0837D00E58FBE /* FAStoryTeller.swift in Sources */ = {isa = PBXBuildFile; fileRef = 50A3DE6022E0837D00E58FBE /* FAStoryTeller.swift */; };
		50A3DE8122E0837D00E58FBE /* FAStoryDataSource.swift in Sources */ = {isa = PBXBuildFile; fileRef = 50A3DE6122E0837D00E58FBE /* FAStoryDataSource.swift */; };
		50A3DE8222E0837D00E58FBE /* FAStoryAddible.swift in Sources */ = {isa = PBXBuildFile; fileRef = 50A3DE6222E0837D00E58FBE /* FAStoryAddible.swift */; };
		50A3DE8322E0837D00E58FBE /* FAStoryContentCacher.swift in Sources */ = {isa = PBXBuildFile; fileRef = 50A3DE6322E0837D00E58FBE /* FAStoryContentCacher.swift */; };
		50A3DE8422E0837D00E58FBE /* FAStoryDelegate.swift in Sources */ = {isa = PBXBuildFile; fileRef = 50A3DE6422E0837D00E58FBE /* FAStoryDelegate.swift */; };
		50A3DE8522E0837D00E58FBE /* FAStory.swift in Sources */ = {isa = PBXBuildFile; fileRef = 50A3DE6622E0837D00E58FBE /* FAStory.swift */; };
		50A3DE8622E0837D00E58FBE /* FAStoryContentNature.swift in Sources */ = {isa = PBXBuildFile; fileRef = 50A3DE6822E0837D00E58FBE /* FAStoryContentNature.swift */; };
		50A3DE8722E0837D00E58FBE /* FAStoryContentType.swift in Sources */ = {isa = PBXBuildFile; fileRef = 50A3DE6922E0837D00E58FBE /* FAStoryContentType.swift */; };
		50A3DE8822E0837D00E58FBE /* DefaultValues.swift in Sources */ = {isa = PBXBuildFile; fileRef = 50A3DE6B22E0837D00E58FBE /* DefaultValues.swift */; };
		50A3DE8922E0837D00E58FBE /* FAStoryController.swift in Sources */ = {isa = PBXBuildFile; fileRef = 50A3DE6C22E0837D00E58FBE /* FAStoryController.swift */; };
		50A3DE8A22E0837D00E58FBE /* FAStoryContentTemplate.swift in Sources */ = {isa = PBXBuildFile; fileRef = 50A3DE6E22E0837D00E58FBE /* FAStoryContentTemplate.swift */; };
		50A3DE8B22E0837D00E58FBE /* FAStoryImageContent.swift in Sources */ = {isa = PBXBuildFile; fileRef = 50A3DE7022E0837D00E58FBE /* FAStoryImageContent.swift */; };
		50A3DE8C22E0837D00E58FBE /* FAStoryVideoContent.swift in Sources */ = {isa = PBXBuildFile; fileRef = 50A3DE7122E0837D00E58FBE /* FAStoryVideoContent.swift */; };
		50A3DE8D22E0837D00E58FBE /* FAStoryView.xib in Resources */ = {isa = PBXBuildFile; fileRef = 50A3DE7322E0837D00E58FBE /* FAStoryView.xib */; };
		50A3DE8E22E0837D00E58FBE /* ExternalLinkControllerView.swift in Sources */ = {isa = PBXBuildFile; fileRef = 50A3DE7622E0837D00E58FBE /* ExternalLinkControllerView.swift */; };
		50A3DE8F22E0837D00E58FBE /* StoryIndicatorView.swift in Sources */ = {isa = PBXBuildFile; fileRef = 50A3DE7722E0837D00E58FBE /* StoryIndicatorView.swift */; };
		50A3DE9022E0837D00E58FBE /* FAStoryCollectionViewCell.swift in Sources */ = {isa = PBXBuildFile; fileRef = 50A3DE7822E0837D00E58FBE /* FAStoryCollectionViewCell.swift */; };
		50A3DE9122E0837D00E58FBE /* StoryIndicatorContainerView.swift in Sources */ = {isa = PBXBuildFile; fileRef = 50A3DE7922E0837D00E58FBE /* StoryIndicatorContainerView.swift */; };
		50A3DE9222E0837D00E58FBE /* FAPlayerView.swift in Sources */ = {isa = PBXBuildFile; fileRef = 50A3DE7A22E0837D00E58FBE /* FAPlayerView.swift */; };
		50A3DE9322E0837D00E58FBE /* FAStoryVC.swift in Sources */ = {isa = PBXBuildFile; fileRef = 50A3DE7B22E0837D00E58FBE /* FAStoryVC.swift */; };
		50A3DE9422E0837D00E58FBE /* FAStoryView.swift in Sources */ = {isa = PBXBuildFile; fileRef = 50A3DE7C22E0837D00E58FBE /* FAStoryView.swift */; };
		71AD35FBE2795D6D2EF87D4E /* Pods_FAStoryKit.framework in Frameworks */ = {isa = PBXBuildFile; fileRef = 8063A169FDB3EEB3E024A4B2 /* Pods_FAStoryKit.framework */; };
/* End PBXBuildFile section */

/* Begin PBXFileReference section */
		299619B30DFA4BB3048322C8 /* Pods-FAStoryKit.debug.xcconfig */ = {isa = PBXFileReference; includeInIndex = 1; lastKnownFileType = text.xcconfig; name = "Pods-FAStoryKit.debug.xcconfig"; path = "Target Support Files/Pods-FAStoryKit/Pods-FAStoryKit.debug.xcconfig"; sourceTree = "<group>"; };
		50A3DE4F22E0835400E58FBE /* FAStoryKit.framework */ = {isa = PBXFileReference; explicitFileType = wrapper.framework; includeInIndex = 0; path = FAStoryKit.framework; sourceTree = BUILT_PRODUCTS_DIR; };
		50A3DE5222E0835400E58FBE /* FAStoryKit.h */ = {isa = PBXFileReference; lastKnownFileType = sourcecode.c.h; path = FAStoryKit.h; sourceTree = "<group>"; };
		50A3DE5322E0835400E58FBE /* Info.plist */ = {isa = PBXFileReference; lastKnownFileType = text.plist.xml; path = Info.plist; sourceTree = "<group>"; };
		50A3DE5C22E0837C00E58FBE /* _Double.swift */ = {isa = PBXFileReference; fileEncoding = 4; lastKnownFileType = sourcecode.swift; path = _Double.swift; sourceTree = "<group>"; };
		50A3DE5D22E0837C00E58FBE /* _String.swift */ = {isa = PBXFileReference; fileEncoding = 4; lastKnownFileType = sourcecode.swift; path = _String.swift; sourceTree = "<group>"; };
		50A3DE5E22E0837C00E58FBE /* _FAStory.swift */ = {isa = PBXFileReference; fileEncoding = 4; lastKnownFileType = sourcecode.swift; path = _FAStory.swift; sourceTree = "<group>"; };
		50A3DE6022E0837D00E58FBE /* FAStoryTeller.swift */ = {isa = PBXFileReference; fileEncoding = 4; lastKnownFileType = sourcecode.swift; path = FAStoryTeller.swift; sourceTree = "<group>"; };
		50A3DE6122E0837D00E58FBE /* FAStoryDataSource.swift */ = {isa = PBXFileReference; fileEncoding = 4; lastKnownFileType = sourcecode.swift; path = FAStoryDataSource.swift; sourceTree = "<group>"; };
		50A3DE6222E0837D00E58FBE /* FAStoryAddible.swift */ = {isa = PBXFileReference; fileEncoding = 4; lastKnownFileType = sourcecode.swift; path = FAStoryAddible.swift; sourceTree = "<group>"; };
		50A3DE6322E0837D00E58FBE /* FAStoryContentCacher.swift */ = {isa = PBXFileReference; fileEncoding = 4; lastKnownFileType = sourcecode.swift; path = FAStoryContentCacher.swift; sourceTree = "<group>"; };
		50A3DE6422E0837D00E58FBE /* FAStoryDelegate.swift */ = {isa = PBXFileReference; fileEncoding = 4; lastKnownFileType = sourcecode.swift; path = FAStoryDelegate.swift; sourceTree = "<group>"; };
		50A3DE6622E0837D00E58FBE /* FAStory.swift */ = {isa = PBXFileReference; fileEncoding = 4; lastKnownFileType = sourcecode.swift; path = FAStory.swift; sourceTree = "<group>"; };
		50A3DE6822E0837D00E58FBE /* FAStoryContentNature.swift */ = {isa = PBXFileReference; fileEncoding = 4; lastKnownFileType = sourcecode.swift; path = FAStoryContentNature.swift; sourceTree = "<group>"; };
		50A3DE6922E0837D00E58FBE /* FAStoryContentType.swift */ = {isa = PBXFileReference; fileEncoding = 4; lastKnownFileType = sourcecode.swift; path = FAStoryContentType.swift; sourceTree = "<group>"; };
		50A3DE6B22E0837D00E58FBE /* DefaultValues.swift */ = {isa = PBXFileReference; fileEncoding = 4; lastKnownFileType = sourcecode.swift; path = DefaultValues.swift; sourceTree = "<group>"; };
		50A3DE6C22E0837D00E58FBE /* FAStoryController.swift */ = {isa = PBXFileReference; fileEncoding = 4; lastKnownFileType = sourcecode.swift; path = FAStoryController.swift; sourceTree = "<group>"; };
		50A3DE6E22E0837D00E58FBE /* FAStoryContentTemplate.swift */ = {isa = PBXFileReference; fileEncoding = 4; lastKnownFileType = sourcecode.swift; path = FAStoryContentTemplate.swift; sourceTree = "<group>"; };
		50A3DE7022E0837D00E58FBE /* FAStoryImageContent.swift */ = {isa = PBXFileReference; fileEncoding = 4; lastKnownFileType = sourcecode.swift; path = FAStoryImageContent.swift; sourceTree = "<group>"; };
		50A3DE7122E0837D00E58FBE /* FAStoryVideoContent.swift */ = {isa = PBXFileReference; fileEncoding = 4; lastKnownFileType = sourcecode.swift; path = FAStoryVideoContent.swift; sourceTree = "<group>"; };
		50A3DE7322E0837D00E58FBE /* FAStoryView.xib */ = {isa = PBXFileReference; fileEncoding = 4; lastKnownFileType = file.xib; path = FAStoryView.xib; sourceTree = "<group>"; };
		50A3DE7622E0837D00E58FBE /* ExternalLinkControllerView.swift */ = {isa = PBXFileReference; fileEncoding = 4; lastKnownFileType = sourcecode.swift; path = ExternalLinkControllerView.swift; sourceTree = "<group>"; };
		50A3DE7722E0837D00E58FBE /* StoryIndicatorView.swift */ = {isa = PBXFileReference; fileEncoding = 4; lastKnownFileType = sourcecode.swift; path = StoryIndicatorView.swift; sourceTree = "<group>"; };
		50A3DE7822E0837D00E58FBE /* FAStoryCollectionViewCell.swift */ = {isa = PBXFileReference; fileEncoding = 4; lastKnownFileType = sourcecode.swift; path = FAStoryCollectionViewCell.swift; sourceTree = "<group>"; };
		50A3DE7922E0837D00E58FBE /* StoryIndicatorContainerView.swift */ = {isa = PBXFileReference; fileEncoding = 4; lastKnownFileType = sourcecode.swift; path = StoryIndicatorContainerView.swift; sourceTree = "<group>"; };
		50A3DE7A22E0837D00E58FBE /* FAPlayerView.swift */ = {isa = PBXFileReference; fileEncoding = 4; lastKnownFileType = sourcecode.swift; path = FAPlayerView.swift; sourceTree = "<group>"; };
		50A3DE7B22E0837D00E58FBE /* FAStoryVC.swift */ = {isa = PBXFileReference; fileEncoding = 4; lastKnownFileType = sourcecode.swift; path = FAStoryVC.swift; sourceTree = "<group>"; };
		50A3DE7C22E0837D00E58FBE /* FAStoryView.swift */ = {isa = PBXFileReference; fileEncoding = 4; lastKnownFileType = sourcecode.swift; path = FAStoryView.swift; sourceTree = "<group>"; };
		8063A169FDB3EEB3E024A4B2 /* Pods_FAStoryKit.framework */ = {isa = PBXFileReference; explicitFileType = wrapper.framework; includeInIndex = 0; path = Pods_FAStoryKit.framework; sourceTree = BUILT_PRODUCTS_DIR; };
		872C58AAD60ACDD35C6B85AE /* Pods-FAStoryKit.release.xcconfig */ = {isa = PBXFileReference; includeInIndex = 1; lastKnownFileType = text.xcconfig; name = "Pods-FAStoryKit.release.xcconfig"; path = "Target Support Files/Pods-FAStoryKit/Pods-FAStoryKit.release.xcconfig"; sourceTree = "<group>"; };
/* End PBXFileReference section */

/* Begin PBXFrameworksBuildPhase section */
		50A3DE4C22E0835400E58FBE /* Frameworks */ = {
			isa = PBXFrameworksBuildPhase;
			buildActionMask = 2147483647;
			files = (
				71AD35FBE2795D6D2EF87D4E /* Pods_FAStoryKit.framework in Frameworks */,
			);
			runOnlyForDeploymentPostprocessing = 0;
		};
/* End PBXFrameworksBuildPhase section */

/* Begin PBXGroup section */
		50A3DE4522E0835400E58FBE = {
			isa = PBXGroup;
			children = (
				50A3DE5122E0835400E58FBE /* FAStoryKit */,
				50A3DE5022E0835400E58FBE /* Products */,
				E30A4CEE0692A1DE8D488896 /* Pods */,
				E885C63809616E86A7CBA1C2 /* Frameworks */,
			);
			sourceTree = "<group>";
		};
		50A3DE5022E0835400E58FBE /* Products */ = {
			isa = PBXGroup;
			children = (
				50A3DE4F22E0835400E58FBE /* FAStoryKit.framework */,
			);
			name = Products;
			sourceTree = "<group>";
		};
		50A3DE5122E0835400E58FBE /* FAStoryKit */ = {
			isa = PBXGroup;
			children = (
				50A3DE5322E0835400E58FBE /* Info.plist */,
				50A3DE5222E0835400E58FBE /* FAStoryKit.h */,
				50A3DE5A22E0837C00E58FBE /* Extensions */,
				50A3DE6522E0837D00E58FBE /* Models */,
				50A3DE7222E0837D00E58FBE /* NibFiles */,
				50A3DE5F22E0837D00E58FBE /* Protocols */,
				50A3DE7422E0837D00E58FBE /* Views&Controllers */,
			);
			path = FAStoryKit;
			sourceTree = "<group>";
		};
		50A3DE5A22E0837C00E58FBE /* Extensions */ = {
			isa = PBXGroup;
			children = (
				50A3DE5B22E0837C00E58FBE /* Internal */,
				50A3DE5E22E0837C00E58FBE /* _FAStory.swift */,
			);
			path = Extensions;
			sourceTree = "<group>";
		};
		50A3DE5B22E0837C00E58FBE /* Internal */ = {
			isa = PBXGroup;
			children = (
				50A3DE5C22E0837C00E58FBE /* _Double.swift */,
				50A3DE5D22E0837C00E58FBE /* _String.swift */,
			);
			path = Internal;
			sourceTree = "<group>";
		};
		50A3DE5F22E0837D00E58FBE /* Protocols */ = {
			isa = PBXGroup;
			children = (
				50A3DE6022E0837D00E58FBE /* FAStoryTeller.swift */,
				50A3DE6122E0837D00E58FBE /* FAStoryDataSource.swift */,
				50A3DE6222E0837D00E58FBE /* FAStoryAddible.swift */,
				50A3DE6322E0837D00E58FBE /* FAStoryContentCacher.swift */,
				50A3DE6422E0837D00E58FBE /* FAStoryDelegate.swift */,
			);
			path = Protocols;
			sourceTree = "<group>";
		};
		50A3DE6522E0837D00E58FBE /* Models */ = {
			isa = PBXGroup;
			children = (
				50A3DE6622E0837D00E58FBE /* FAStory.swift */,
				50A3DE6722E0837D00E58FBE /* Type Definitions */,
				50A3DE6A22E0837D00E58FBE /* Internal */,
				50A3DE6D22E0837D00E58FBE /* Story Content Models */,
			);
			path = Models;
			sourceTree = "<group>";
		};
		50A3DE6722E0837D00E58FBE /* Type Definitions */ = {
			isa = PBXGroup;
			children = (
				50A3DE6822E0837D00E58FBE /* FAStoryContentNature.swift */,
				50A3DE6922E0837D00E58FBE /* FAStoryContentType.swift */,
			);
			path = "Type Definitions";
			sourceTree = "<group>";
		};
		50A3DE6A22E0837D00E58FBE /* Internal */ = {
			isa = PBXGroup;
			children = (
				50A3DE6B22E0837D00E58FBE /* DefaultValues.swift */,
				50A3DE6C22E0837D00E58FBE /* FAStoryController.swift */,
			);
			path = Internal;
			sourceTree = "<group>";
		};
		50A3DE6D22E0837D00E58FBE /* Story Content Models */ = {
			isa = PBXGroup;
			children = (
				50A3DE6E22E0837D00E58FBE /* FAStoryContentTemplate.swift */,
				50A3DE6F22E0837D00E58FBE /* SupportedContents */,
			);
			path = "Story Content Models";
			sourceTree = "<group>";
		};
		50A3DE6F22E0837D00E58FBE /* SupportedContents */ = {
			isa = PBXGroup;
			children = (
				50A3DE7022E0837D00E58FBE /* FAStoryImageContent.swift */,
				50A3DE7122E0837D00E58FBE /* FAStoryVideoContent.swift */,
			);
			path = SupportedContents;
			sourceTree = "<group>";
		};
		50A3DE7222E0837D00E58FBE /* NibFiles */ = {
			isa = PBXGroup;
			children = (
				50A3DE7322E0837D00E58FBE /* FAStoryView.xib */,
			);
			path = NibFiles;
			sourceTree = "<group>";
		};
		50A3DE7422E0837D00E58FBE /* Views&Controllers */ = {
			isa = PBXGroup;
			children = (
				50A3DE7522E0837D00E58FBE /* Internal */,
				50A3DE7B22E0837D00E58FBE /* FAStoryVC.swift */,
				50A3DE7C22E0837D00E58FBE /* FAStoryView.swift */,
			);
			path = "Views&Controllers";
			sourceTree = "<group>";
		};
		50A3DE7522E0837D00E58FBE /* Internal */ = {
			isa = PBXGroup;
			children = (
				50A3DE7622E0837D00E58FBE /* ExternalLinkControllerView.swift */,
				50A3DE7722E0837D00E58FBE /* StoryIndicatorView.swift */,
				50A3DE7822E0837D00E58FBE /* FAStoryCollectionViewCell.swift */,
				50A3DE7922E0837D00E58FBE /* StoryIndicatorContainerView.swift */,
				50A3DE7A22E0837D00E58FBE /* FAPlayerView.swift */,
			);
			path = Internal;
			sourceTree = "<group>";
		};
		E30A4CEE0692A1DE8D488896 /* Pods */ = {
			isa = PBXGroup;
			children = (
				299619B30DFA4BB3048322C8 /* Pods-FAStoryKit.debug.xcconfig */,
				872C58AAD60ACDD35C6B85AE /* Pods-FAStoryKit.release.xcconfig */,
			);
			path = Pods;
			sourceTree = "<group>";
		};
		E885C63809616E86A7CBA1C2 /* Frameworks */ = {
			isa = PBXGroup;
			children = (
				8063A169FDB3EEB3E024A4B2 /* Pods_FAStoryKit.framework */,
			);
			name = Frameworks;
			sourceTree = "<group>";
		};
/* End PBXGroup section */

/* Begin PBXHeadersBuildPhase section */
		50A3DE4A22E0835400E58FBE /* Headers */ = {
			isa = PBXHeadersBuildPhase;
			buildActionMask = 2147483647;
			files = (
				50A3DE5422E0835400E58FBE /* FAStoryKit.h in Headers */,
			);
			runOnlyForDeploymentPostprocessing = 0;
		};
/* End PBXHeadersBuildPhase section */

/* Begin PBXNativeTarget section */
		50A3DE4E22E0835400E58FBE /* FAStoryKit */ = {
			isa = PBXNativeTarget;
			buildConfigurationList = 50A3DE5722E0835400E58FBE /* Build configuration list for PBXNativeTarget "FAStoryKit" */;
			buildPhases = (
				601321A3B6DD9B689155B94B /* [CP] Check Pods Manifest.lock */,
				50A3DE4A22E0835400E58FBE /* Headers */,
				50A3DE4B22E0835400E58FBE /* Sources */,
				50A3DE4C22E0835400E58FBE /* Frameworks */,
				50A3DE4D22E0835400E58FBE /* Resources */,
			);
			buildRules = (
			);
			dependencies = (
			);
			name = FAStoryKit;
			productName = FAStoryKit;
			productReference = 50A3DE4F22E0835400E58FBE /* FAStoryKit.framework */;
			productType = "com.apple.product-type.framework";
		};
/* End PBXNativeTarget section */

/* Begin PBXProject section */
		50A3DE4622E0835400E58FBE /* Project object */ = {
			isa = PBXProject;
			attributes = {
				LastUpgradeCheck = 1020;
				ORGANIZATIONNAME = "Ferhat Abdullahoglu";
				TargetAttributes = {
					50A3DE4E22E0835400E58FBE = {
						CreatedOnToolsVersion = 10.2.1;
					};
				};
			};
			buildConfigurationList = 50A3DE4922E0835400E58FBE /* Build configuration list for PBXProject "FAStoryKit" */;
			compatibilityVersion = "Xcode 9.3";
			developmentRegion = en;
			hasScannedForEncodings = 0;
			knownRegions = (
				en,
			);
			mainGroup = 50A3DE4522E0835400E58FBE;
			productRefGroup = 50A3DE5022E0835400E58FBE /* Products */;
			projectDirPath = "";
			projectRoot = "";
			targets = (
				50A3DE4E22E0835400E58FBE /* FAStoryKit */,
			);
		};
/* End PBXProject section */

/* Begin PBXResourcesBuildPhase section */
		50A3DE4D22E0835400E58FBE /* Resources */ = {
			isa = PBXResourcesBuildPhase;
			buildActionMask = 2147483647;
			files = (
				50A3DE8D22E0837D00E58FBE /* FAStoryView.xib in Resources */,
			);
			runOnlyForDeploymentPostprocessing = 0;
		};
/* End PBXResourcesBuildPhase section */

/* Begin PBXShellScriptBuildPhase section */
		601321A3B6DD9B689155B94B /* [CP] Check Pods Manifest.lock */ = {
			isa = PBXShellScriptBuildPhase;
			buildActionMask = 2147483647;
			files = (
			);
			inputFileListPaths = (
			);
			inputPaths = (
				"${PODS_PODFILE_DIR_PATH}/Podfile.lock",
				"${PODS_ROOT}/Manifest.lock",
			);
			name = "[CP] Check Pods Manifest.lock";
			outputFileListPaths = (
			);
			outputPaths = (
				"$(DERIVED_FILE_DIR)/Pods-FAStoryKit-checkManifestLockResult.txt",
			);
			runOnlyForDeploymentPostprocessing = 0;
			shellPath = /bin/sh;
			shellScript = "diff \"${PODS_PODFILE_DIR_PATH}/Podfile.lock\" \"${PODS_ROOT}/Manifest.lock\" > /dev/null\nif [ $? != 0 ] ; then\n    # print error to STDERR\n    echo \"error: The sandbox is not in sync with the Podfile.lock. Run 'pod install' or update your CocoaPods installation.\" >&2\n    exit 1\nfi\n# This output is used by Xcode 'outputs' to avoid re-running this script phase.\necho \"SUCCESS\" > \"${SCRIPT_OUTPUT_FILE_0}\"\n";
			showEnvVarsInLog = 0;
		};
/* End PBXShellScriptBuildPhase section */

/* Begin PBXSourcesBuildPhase section */
		50A3DE4B22E0835400E58FBE /* Sources */ = {
			isa = PBXSourcesBuildPhase;
			buildActionMask = 2147483647;
			files = (
				50A3DE9122E0837D00E58FBE /* StoryIndicatorContainerView.swift in Sources */,
				50A3DE7E22E0837D00E58FBE /* _String.swift in Sources */,
				50A3DE8622E0837D00E58FBE /* FAStoryContentNature.swift in Sources */,
				50A3DE8522E0837D00E58FBE /* FAStory.swift in Sources */,
				50A3DE7F22E0837D00E58FBE /* _FAStory.swift in Sources */,
				50A3DE9422E0837D00E58FBE /* FAStoryView.swift in Sources */,
				50A3DE8222E0837D00E58FBE /* FAStoryAddible.swift in Sources */,
				50A3DE8B22E0837D00E58FBE /* FAStoryImageContent.swift in Sources */,
				50A3DE9322E0837D00E58FBE /* FAStoryVC.swift in Sources */,
				50A3DE9222E0837D00E58FBE /* FAPlayerView.swift in Sources */,
				50A3DE8722E0837D00E58FBE /* FAStoryContentType.swift in Sources */,
				50A3DE8422E0837D00E58FBE /* FAStoryDelegate.swift in Sources */,
				50A3DE8922E0837D00E58FBE /* FAStoryController.swift in Sources */,
				50A3DE8A22E0837D00E58FBE /* FAStoryContentTemplate.swift in Sources */,
				50A3DE9022E0837D00E58FBE /* FAStoryCollectionViewCell.swift in Sources */,
				50A3DE8822E0837D00E58FBE /* DefaultValues.swift in Sources */,
				50A3DE8322E0837D00E58FBE /* FAStoryContentCacher.swift in Sources */,
				50A3DE8022E0837D00E58FBE /* FAStoryTeller.swift in Sources */,
				50A3DE7D22E0837D00E58FBE /* _Double.swift in Sources */,
				50A3DE8F22E0837D00E58FBE /* StoryIndicatorView.swift in Sources */,
				50A3DE8C22E0837D00E58FBE /* FAStoryVideoContent.swift in Sources */,
				50A3DE8E22E0837D00E58FBE /* ExternalLinkControllerView.swift in Sources */,
				50A3DE8122E0837D00E58FBE /* FAStoryDataSource.swift in Sources */,
			);
			runOnlyForDeploymentPostprocessing = 0;
		};
/* End PBXSourcesBuildPhase section */

/* Begin XCBuildConfiguration section */
		50A3DE5522E0835400E58FBE /* Debug */ = {
			isa = XCBuildConfiguration;
			buildSettings = {
				ALWAYS_SEARCH_USER_PATHS = NO;
				CLANG_ANALYZER_NONNULL = YES;
				CLANG_ANALYZER_NUMBER_OBJECT_CONVERSION = YES_AGGRESSIVE;
				CLANG_CXX_LANGUAGE_STANDARD = "gnu++14";
				CLANG_CXX_LIBRARY = "libc++";
				CLANG_ENABLE_MODULES = YES;
				CLANG_ENABLE_OBJC_ARC = YES;
				CLANG_ENABLE_OBJC_WEAK = YES;
				CLANG_WARN_BLOCK_CAPTURE_AUTORELEASING = YES;
				CLANG_WARN_BOOL_CONVERSION = YES;
				CLANG_WARN_COMMA = YES;
				CLANG_WARN_CONSTANT_CONVERSION = YES;
				CLANG_WARN_DEPRECATED_OBJC_IMPLEMENTATIONS = YES;
				CLANG_WARN_DIRECT_OBJC_ISA_USAGE = YES_ERROR;
				CLANG_WARN_DOCUMENTATION_COMMENTS = YES;
				CLANG_WARN_EMPTY_BODY = YES;
				CLANG_WARN_ENUM_CONVERSION = YES;
				CLANG_WARN_INFINITE_RECURSION = YES;
				CLANG_WARN_INT_CONVERSION = YES;
				CLANG_WARN_NON_LITERAL_NULL_CONVERSION = YES;
				CLANG_WARN_OBJC_IMPLICIT_RETAIN_SELF = YES;
				CLANG_WARN_OBJC_LITERAL_CONVERSION = YES;
				CLANG_WARN_OBJC_ROOT_CLASS = YES_ERROR;
				CLANG_WARN_RANGE_LOOP_ANALYSIS = YES;
				CLANG_WARN_STRICT_PROTOTYPES = YES;
				CLANG_WARN_SUSPICIOUS_MOVE = YES;
				CLANG_WARN_UNGUARDED_AVAILABILITY = YES_AGGRESSIVE;
				CLANG_WARN_UNREACHABLE_CODE = YES;
				CLANG_WARN__DUPLICATE_METHOD_MATCH = YES;
				CODE_SIGN_IDENTITY = "iPhone Developer";
				COPY_PHASE_STRIP = NO;
				CURRENT_PROJECT_VERSION = 1;
				DEBUG_INFORMATION_FORMAT = dwarf;
				ENABLE_STRICT_OBJC_MSGSEND = YES;
				ENABLE_TESTABILITY = YES;
				GCC_C_LANGUAGE_STANDARD = gnu11;
				GCC_DYNAMIC_NO_PIC = NO;
				GCC_NO_COMMON_BLOCKS = YES;
				GCC_OPTIMIZATION_LEVEL = 0;
				GCC_PREPROCESSOR_DEFINITIONS = (
					"DEBUG=1",
					"$(inherited)",
				);
				GCC_WARN_64_TO_32_BIT_CONVERSION = YES;
				GCC_WARN_ABOUT_RETURN_TYPE = YES_ERROR;
				GCC_WARN_UNDECLARED_SELECTOR = YES;
				GCC_WARN_UNINITIALIZED_AUTOS = YES_AGGRESSIVE;
				GCC_WARN_UNUSED_FUNCTION = YES;
				GCC_WARN_UNUSED_VARIABLE = YES;
				IPHONEOS_DEPLOYMENT_TARGET = 12.2;
				MTL_ENABLE_DEBUG_INFO = INCLUDE_SOURCE;
				MTL_FAST_MATH = YES;
				ONLY_ACTIVE_ARCH = YES;
				SDKROOT = iphoneos;
				SWIFT_ACTIVE_COMPILATION_CONDITIONS = DEBUG;
				SWIFT_OPTIMIZATION_LEVEL = "-Onone";
				VERSIONING_SYSTEM = "apple-generic";
				VERSION_INFO_PREFIX = "";
			};
			name = Debug;
		};
		50A3DE5622E0835400E58FBE /* Release */ = {
			isa = XCBuildConfiguration;
			buildSettings = {
				ALWAYS_SEARCH_USER_PATHS = NO;
				CLANG_ANALYZER_NONNULL = YES;
				CLANG_ANALYZER_NUMBER_OBJECT_CONVERSION = YES_AGGRESSIVE;
				CLANG_CXX_LANGUAGE_STANDARD = "gnu++14";
				CLANG_CXX_LIBRARY = "libc++";
				CLANG_ENABLE_MODULES = YES;
				CLANG_ENABLE_OBJC_ARC = YES;
				CLANG_ENABLE_OBJC_WEAK = YES;
				CLANG_WARN_BLOCK_CAPTURE_AUTORELEASING = YES;
				CLANG_WARN_BOOL_CONVERSION = YES;
				CLANG_WARN_COMMA = YES;
				CLANG_WARN_CONSTANT_CONVERSION = YES;
				CLANG_WARN_DEPRECATED_OBJC_IMPLEMENTATIONS = YES;
				CLANG_WARN_DIRECT_OBJC_ISA_USAGE = YES_ERROR;
				CLANG_WARN_DOCUMENTATION_COMMENTS = YES;
				CLANG_WARN_EMPTY_BODY = YES;
				CLANG_WARN_ENUM_CONVERSION = YES;
				CLANG_WARN_INFINITE_RECURSION = YES;
				CLANG_WARN_INT_CONVERSION = YES;
				CLANG_WARN_NON_LITERAL_NULL_CONVERSION = YES;
				CLANG_WARN_OBJC_IMPLICIT_RETAIN_SELF = YES;
				CLANG_WARN_OBJC_LITERAL_CONVERSION = YES;
				CLANG_WARN_OBJC_ROOT_CLASS = YES_ERROR;
				CLANG_WARN_RANGE_LOOP_ANALYSIS = YES;
				CLANG_WARN_STRICT_PROTOTYPES = YES;
				CLANG_WARN_SUSPICIOUS_MOVE = YES;
				CLANG_WARN_UNGUARDED_AVAILABILITY = YES_AGGRESSIVE;
				CLANG_WARN_UNREACHABLE_CODE = YES;
				CLANG_WARN__DUPLICATE_METHOD_MATCH = YES;
				CODE_SIGN_IDENTITY = "iPhone Developer";
				COPY_PHASE_STRIP = NO;
				CURRENT_PROJECT_VERSION = 1;
				DEBUG_INFORMATION_FORMAT = "dwarf-with-dsym";
				ENABLE_NS_ASSERTIONS = NO;
				ENABLE_STRICT_OBJC_MSGSEND = YES;
				GCC_C_LANGUAGE_STANDARD = gnu11;
				GCC_NO_COMMON_BLOCKS = YES;
				GCC_WARN_64_TO_32_BIT_CONVERSION = YES;
				GCC_WARN_ABOUT_RETURN_TYPE = YES_ERROR;
				GCC_WARN_UNDECLARED_SELECTOR = YES;
				GCC_WARN_UNINITIALIZED_AUTOS = YES_AGGRESSIVE;
				GCC_WARN_UNUSED_FUNCTION = YES;
				GCC_WARN_UNUSED_VARIABLE = YES;
				IPHONEOS_DEPLOYMENT_TARGET = 12.2;
				MTL_ENABLE_DEBUG_INFO = NO;
				MTL_FAST_MATH = YES;
				SDKROOT = iphoneos;
				SWIFT_COMPILATION_MODE = wholemodule;
				SWIFT_OPTIMIZATION_LEVEL = "-O";
				VALIDATE_PRODUCT = YES;
				VERSIONING_SYSTEM = "apple-generic";
				VERSION_INFO_PREFIX = "";
			};
			name = Release;
		};
		50A3DE5822E0835400E58FBE /* Debug */ = {
			isa = XCBuildConfiguration;
			baseConfigurationReference = 299619B30DFA4BB3048322C8 /* Pods-FAStoryKit.debug.xcconfig */;
			buildSettings = {
				CODE_SIGN_IDENTITY = "";
				CODE_SIGN_STYLE = Automatic;
				DEFINES_MODULE = YES;
				DEVELOPMENT_TEAM = K3XQNT3L95;
				DYLIB_COMPATIBILITY_VERSION = 1;
				DYLIB_CURRENT_VERSION = 1;
				DYLIB_INSTALL_NAME_BASE = "@rpath";
				INFOPLIST_FILE = FAStoryKit/Info.plist;
				INSTALL_PATH = "$(LOCAL_LIBRARY_DIR)/Frameworks";
				IPHONEOS_DEPLOYMENT_TARGET = 10.0;
				LD_RUNPATH_SEARCH_PATHS = (
					"$(inherited)",
					"@executable_path/Frameworks",
					"@loader_path/Frameworks",
				);
				PRODUCT_BUNDLE_IDENTIFIER = com.ferhatab.FAStoryKit;
				PRODUCT_NAME = "$(TARGET_NAME:c99extidentifier)";
				SKIP_INSTALL = YES;
				SWIFT_VERSION = 5.0;
				TARGETED_DEVICE_FAMILY = "1,2";
			};
			name = Debug;
		};
		50A3DE5922E0835400E58FBE /* Release */ = {
			isa = XCBuildConfiguration;
			baseConfigurationReference = 872C58AAD60ACDD35C6B85AE /* Pods-FAStoryKit.release.xcconfig */;
			buildSettings = {
				CODE_SIGN_IDENTITY = "";
				CODE_SIGN_STYLE = Automatic;
				DEFINES_MODULE = YES;
				DEVELOPMENT_TEAM = K3XQNT3L95;
				DYLIB_COMPATIBILITY_VERSION = 1;
				DYLIB_CURRENT_VERSION = 1;
				DYLIB_INSTALL_NAME_BASE = "@rpath";
				INFOPLIST_FILE = FAStoryKit/Info.plist;
				INSTALL_PATH = "$(LOCAL_LIBRARY_DIR)/Frameworks";
				IPHONEOS_DEPLOYMENT_TARGET = 10.0;
				LD_RUNPATH_SEARCH_PATHS = (
					"$(inherited)",
					"@executable_path/Frameworks",
					"@loader_path/Frameworks",
				);
				PRODUCT_BUNDLE_IDENTIFIER = com.ferhatab.FAStoryKit;
				PRODUCT_NAME = "$(TARGET_NAME:c99extidentifier)";
				SKIP_INSTALL = YES;
				SWIFT_VERSION = 5.0;
				TARGETED_DEVICE_FAMILY = "1,2";
			};
			name = Release;
		};
/* End XCBuildConfiguration section */

/* Begin XCConfigurationList section */
		50A3DE4922E0835400E58FBE /* Build configuration list for PBXProject "FAStoryKit" */ = {
			isa = XCConfigurationList;
			buildConfigurations = (
				50A3DE5522E0835400E58FBE /* Debug */,
				50A3DE5622E0835400E58FBE /* Release */,
			);
			defaultConfigurationIsVisible = 0;
			defaultConfigurationName = Release;
		};
		50A3DE5722E0835400E58FBE /* Build configuration list for PBXNativeTarget "FAStoryKit" */ = {
			isa = XCConfigurationList;
			buildConfigurations = (
				50A3DE5822E0835400E58FBE /* Debug */,
				50A3DE5922E0835400E58FBE /* Release */,
			);
			defaultConfigurationIsVisible = 0;
			defaultConfigurationName = Release;
		};
/* End XCConfigurationList section */
	};
	rootObject = 50A3DE4622E0835400E58FBE /* Project object */;
}
